
Microsoft Visual Studio Solution File, Format Version 12.00
# Visual Studio 15
VisualStudioVersion = 15.0.27130.2027
MinimumVisualStudioVersion = 10.0.40219.1
Project("{9A19103F-16F7-4668-BE54-9A1E7A4F7556}") = "Riverside.Utilities", "Riverside.Utilities\Riverside.Utilities.csproj", "{FF280CA0-5FBF-45CD-813B-93AD811F4E0D}"
EndProject
Project("{9A19103F-16F7-4668-BE54-9A1E7A4F7556}") = "Riverside.UI", "Riverside.UI\Riverside.UI.csproj", "{22862CB3-E48B-48A4-8390-6750D9ED7A53}"
EndProject
Project("{9A19103F-16F7-4668-BE54-9A1E7A4F7556}") = "WebApplication", "WebApplication\WebApplication.csproj", "{4659F257-8E69-44F3-A215-C6989FF71C93}"
EndProject
Project("{9A19103F-16F7-4668-BE54-9A1E7A4F7556}") = "Riverside.Cms.Core", "Riverside.Cms.Core\Riverside.Cms.Core.csproj", "{DC9516A9-79B7-44A2-9FDC-0DB4D7E246F8}"
EndProject
Project("{9A19103F-16F7-4668-BE54-9A1E7A4F7556}") = "Riverside.Cms.Elements", "Riverside.Cms.Elements\Riverside.Cms.Elements.csproj", "{36A6A46D-750F-4EF2-A017-B684C05BAB08}"
EndProject
Project("{00D1A9C2-B5F0-4AF3-8072-F6C62B433612}") = "Database", "Database\Database.sqlproj", "{403DC74A-A4D6-4BE6-99B5-2EA8A1D87019}"
EndProject
Project("{2150E333-8FDC-42A3-9474-1A3956D46DE8}") = "src", "src", "{90988250-F53A-4655-81E5-F690E2CAD416}"
EndProject
Project("{2150E333-8FDC-42A3-9474-1A3956D46DE8}") = "Services", "Services", "{0A016858-A0E1-4054-890A-8901079F8CC2}"
EndProject
Project("{E53339B2-1760-4266-BCC7-CA923CBCF16C}") = "docker-compose", "docker-compose.dcproj", "{68440F57-BBC1-40A1-B5B6-AF72AE1B1177}"
EndProject
Project("{2150E333-8FDC-42A3-9474-1A3956D46DE8}") = "Storage", "Storage", "{E8D89EBC-FBFE-4191-8CC7-F489E729E4C9}"
EndProject
Project("{9A19103F-16F7-4668-BE54-9A1E7A4F7556}") = "Storage.Domain", "src\Services\Storage\Storage.Domain\Storage.Domain.csproj", "{491F6FCC-9187-4FF2-A88C-81E68C8A55DE}"
EndProject
Project("{9A19103F-16F7-4668-BE54-9A1E7A4F7556}") = "Storage.Infrastructure", "src\Services\Storage\Storage.Infrastructure\Storage.Infrastructure.csproj", "{373244AB-ADF6-4068-B945-294A34F3302D}"
EndProject
Project("{2150E333-8FDC-42A3-9474-1A3956D46DE8}") = "Core", "Core", "{12968302-C293-42A6-8CE5-114CA39CDDBD}"
EndProject
Project("{9A19103F-16F7-4668-BE54-9A1E7A4F7556}") = "Core.Domain", "src\Services\Core\Core.Domain\Core.Domain.csproj", "{9E8F2709-66D9-409A-B1B0-68FF9E197A31}"
EndProject
Project("{9A19103F-16F7-4668-BE54-9A1E7A4F7556}") = "Core.Infrastructure", "src\Services\Core\Core.Infrastructure\Core.Infrastructure.csproj", "{2876BE96-D064-41F9-A189-40F2B0DBEC45}"
EndProject
Project("{9A19103F-16F7-4668-BE54-9A1E7A4F7556}") = "Core.Client", "src\Services\Core\Core.Client\Core.Client.csproj", "{84D7778B-F4CF-407A-935D-CA52F97D6ED6}"
EndProject
Project("{2150E333-8FDC-42A3-9474-1A3956D46DE8}") = "Applications", "Applications", "{7473C34D-E8E8-465F-96D9-CAF19904780F}"
EndProject
Project("{2150E333-8FDC-42A3-9474-1A3956D46DE8}") = "Element", "Element", "{1A9DF9D1-EAC3-46A6-8E70-12C7A299F79B}"
EndProject
Project("{9A19103F-16F7-4668-BE54-9A1E7A4F7556}") = "Element.Client", "src\Services\Element\Element.Client\Element.Client.csproj", "{D753E41C-FD1B-43C5-9D8D-AA58066F8CFF}"
EndProject
Project("{9A19103F-16F7-4668-BE54-9A1E7A4F7556}") = "Element.Domain", "src\Services\Element\Element.Domain\Element.Domain.csproj", "{244703B4-3381-4488-A132-5E86B00053F4}"
EndProject
Project("{9A19103F-16F7-4668-BE54-9A1E7A4F7556}") = "Element.Infrastructure", "src\Services\Element\Element.Infrastructure\Element.Infrastructure.csproj", "{08B15786-DC43-4629-80BC-07E6E1E74791}"
EndProject
Project("{9A19103F-16F7-4668-BE54-9A1E7A4F7556}") = "Storage.Client", "src\Services\Storage\Storage.Client\Storage.Client.csproj", "{2C3A1991-2DA4-4D7C-89E4-540D739B6039}"
EndProject
Project("{2150E333-8FDC-42A3-9474-1A3956D46DE8}") = "Utilities", "Utilities", "{AFB77834-1A0D-4409-B5D2-E238A85B1FA3}"
EndProject
Project("{2150E333-8FDC-42A3-9474-1A3956D46DE8}") = "Text", "Text", "{69D4412B-C106-4F32-9F64-A8563CFC0B98}"
EndProject
Project("{9A19103F-16F7-4668-BE54-9A1E7A4F7556}") = "Text.Formatting", "src\Utilities\Text\Text.Formatting\Text.Formatting.csproj", "{1E81A27F-1AB5-4974-AACF-76A87A8E9E7A}"
EndProject
Project("{9A19103F-16F7-4668-BE54-9A1E7A4F7556}") = "Core.Mvc", "src\Services\Core\Core.Mvc\Core.Mvc.csproj", "{6BFBFAF1-2532-4365-8FDA-BAF06EF73E5E}"
EndProject
Project("{9A19103F-16F7-4668-BE54-9A1E7A4F7556}") = "Element.Mvc", "src\Services\Element\Element.Mvc\Element.Mvc.csproj", "{3E1A0C20-27D8-4667-9AFB-690E01868F02}"
EndProject
Project("{9A19103F-16F7-4668-BE54-9A1E7A4F7556}") = "Storage.Mvc", "src\Services\Storage\Storage.Mvc\Storage.Mvc.csproj", "{C15CD93C-0861-466B-9DC4-FC10385AD33A}"
EndProject
Project("{9A19103F-16F7-4668-BE54-9A1E7A4F7556}") = "Text.Csv", "src\Utilities\Text\Text.Csv\Text.Csv.csproj", "{7C64192D-0E57-44AE-B6F8-702E3B935308}"
EndProject
Project("{2150E333-8FDC-42A3-9474-1A3956D46DE8}") = "Net", "Net", "{E6FBD48D-BB3B-41A7-9C6D-31EEFBC18E78}"
EndProject
Project("{9A19103F-16F7-4668-BE54-9A1E7A4F7556}") = "Net.Mail", "src\Utilities\Net\Net.Mail\Net.Mail.csproj", "{9A92137F-9086-4DF5-869B-54DD6F81D72F}"
EndProject
Project("{2150E333-8FDC-42A3-9474-1A3956D46DE8}") = "Web", "Web", "{29ADCFCE-903D-44E2-9213-FD6A4D3E6817}"
EndProject
Project("{9A19103F-16F7-4668-BE54-9A1E7A4F7556}") = "Web.Mvc", "src\Applications\Web\Web.Mvc\Web.Mvc.csproj", "{2A71787A-E737-43F9-9949-36EC05A62046}"
EndProject
Project("{9A19103F-16F7-4668-BE54-9A1E7A4F7556}") = "Web.Api", "src\Applications\Web\Web.Api\Web.Api.csproj", "{8B0151AD-BB59-4F6F-969C-F0097962ED73}"
EndProject
Project("{2150E333-8FDC-42A3-9474-1A3956D46DE8}") = "Mortgage", "Mortgage", "{EE048953-32BC-4895-B8EB-5CE0B6646B3E}"
EndProject
Project("{9A19103F-16F7-4668-BE54-9A1E7A4F7556}") = "Mortgage.Domain", "src\Services\Mortgage\Mortgage.Domain\Mortgage.Domain.csproj", "{A50DDF2E-80A3-41D1-A03B-647DFBF88825}"
EndProject
Project("{9A19103F-16F7-4668-BE54-9A1E7A4F7556}") = "Mortgage.Client", "src\Services\Mortgage\Mortgage.Client\Mortgage.Client.csproj", "{F1D1B6D8-0D3B-4733-9279-B9A9373FF4CA}"
EndProject
Project("{9A19103F-16F7-4668-BE54-9A1E7A4F7556}") = "Mortgage.Infrastructure", "src\Services\Mortgage\Mortgage.Infrastructure\Mortgage.Infrastructure.csproj", "{BA58C63C-4CF9-4F8D-BE42-66CD7B6EA1FB}"
EndProject
Project("{9A19103F-16F7-4668-BE54-9A1E7A4F7556}") = "Mortgage.Mvc", "src\Services\Mortgage\Mortgage.Mvc\Mortgage.Mvc.csproj", "{F8C7D57E-96DC-4732-AF65-DE6DF69AC32E}"
EndProject
Project("{2150E333-8FDC-42A3-9474-1A3956D46DE8}") = "Auth", "Auth", "{970A07C6-966E-42DC-A603-BFB010E87F3F}"
EndProject
Project("{9A19103F-16F7-4668-BE54-9A1E7A4F7556}") = "Auth.Domain", "src\Services\Auth\Auth.Domain\Auth.Domain.csproj", "{01D57CB6-DD63-4B1A-B84A-3004C5D6A89B}"
EndProject
Project("{2150E333-8FDC-42A3-9474-1A3956D46DE8}") = "Validation", "Validation", "{A317A55E-2612-45B3-B29A-35A09DA18F9C}"
EndProject
Project("{9A19103F-16F7-4668-BE54-9A1E7A4F7556}") = "Validation.Framework", "src\Utilities\Validation\Validation.Framework\Validation.Framework.csproj", "{1DDF3D90-3E2F-46FC-9425-C68B3F99A6E1}"
EndProject
Project("{9A19103F-16F7-4668-BE54-9A1E7A4F7556}") = "Validation.DataAnnotations", "src\Utilities\Validation\Validation.DataAnnotations\Validation.DataAnnotations.csproj", "{294CAF93-62D5-49CB-BF0F-F967B65A5E0E}"
EndProject
Project("{9A19103F-16F7-4668-BE54-9A1E7A4F7556}") = "Auth.Infrastructure", "src\Services\Auth\Auth.Infrastructure\Auth.Infrastructure.csproj", "{C9A844C6-8EF4-46FC-A4BF-0A6FC8AD3537}"
EndProject
Project("{2150E333-8FDC-42A3-9474-1A3956D46DE8}") = "Security", "Security", "{1C9F23DE-D48A-424F-BFDB-5C4979377957}"
EndProject
Project("{9A19103F-16F7-4668-BE54-9A1E7A4F7556}") = "Security.Encryption", "src\Utilities\Security\Security.Encryption\Security.Encryption.csproj", "{A8A956BB-F145-47AE-9CF7-CA862F0F8DD2}"
EndProject
Project("{9A19103F-16F7-4668-BE54-9A1E7A4F7556}") = "Auth.Mvc", "src\Services\Auth\Auth.Mvc\Auth.Mvc.csproj", "{C0893E1D-1AD0-46F5-BD79-AC0BCF43C11A}"
EndProject
Global
	GlobalSection(SolutionConfigurationPlatforms) = preSolution
		Debug|Any CPU = Debug|Any CPU
		Release|Any CPU = Release|Any CPU
	EndGlobalSection
	GlobalSection(ProjectConfigurationPlatforms) = postSolution
		{FF280CA0-5FBF-45CD-813B-93AD811F4E0D}.Debug|Any CPU.ActiveCfg = Debug|Any CPU
		{FF280CA0-5FBF-45CD-813B-93AD811F4E0D}.Debug|Any CPU.Build.0 = Debug|Any CPU
		{FF280CA0-5FBF-45CD-813B-93AD811F4E0D}.Release|Any CPU.ActiveCfg = Release|Any CPU
		{FF280CA0-5FBF-45CD-813B-93AD811F4E0D}.Release|Any CPU.Build.0 = Release|Any CPU
		{22862CB3-E48B-48A4-8390-6750D9ED7A53}.Debug|Any CPU.ActiveCfg = Debug|Any CPU
		{22862CB3-E48B-48A4-8390-6750D9ED7A53}.Debug|Any CPU.Build.0 = Debug|Any CPU
		{22862CB3-E48B-48A4-8390-6750D9ED7A53}.Release|Any CPU.ActiveCfg = Release|Any CPU
		{22862CB3-E48B-48A4-8390-6750D9ED7A53}.Release|Any CPU.Build.0 = Release|Any CPU
		{4659F257-8E69-44F3-A215-C6989FF71C93}.Debug|Any CPU.ActiveCfg = Debug|Any CPU
		{4659F257-8E69-44F3-A215-C6989FF71C93}.Debug|Any CPU.Build.0 = Debug|Any CPU
		{4659F257-8E69-44F3-A215-C6989FF71C93}.Release|Any CPU.ActiveCfg = Release|Any CPU
		{4659F257-8E69-44F3-A215-C6989FF71C93}.Release|Any CPU.Build.0 = Release|Any CPU
		{DC9516A9-79B7-44A2-9FDC-0DB4D7E246F8}.Debug|Any CPU.ActiveCfg = Debug|Any CPU
		{DC9516A9-79B7-44A2-9FDC-0DB4D7E246F8}.Debug|Any CPU.Build.0 = Debug|Any CPU
		{DC9516A9-79B7-44A2-9FDC-0DB4D7E246F8}.Release|Any CPU.ActiveCfg = Release|Any CPU
		{DC9516A9-79B7-44A2-9FDC-0DB4D7E246F8}.Release|Any CPU.Build.0 = Release|Any CPU
		{36A6A46D-750F-4EF2-A017-B684C05BAB08}.Debug|Any CPU.ActiveCfg = Debug|Any CPU
		{36A6A46D-750F-4EF2-A017-B684C05BAB08}.Debug|Any CPU.Build.0 = Debug|Any CPU
		{36A6A46D-750F-4EF2-A017-B684C05BAB08}.Release|Any CPU.ActiveCfg = Release|Any CPU
		{36A6A46D-750F-4EF2-A017-B684C05BAB08}.Release|Any CPU.Build.0 = Release|Any CPU
		{403DC74A-A4D6-4BE6-99B5-2EA8A1D87019}.Debug|Any CPU.ActiveCfg = Debug|Any CPU
		{403DC74A-A4D6-4BE6-99B5-2EA8A1D87019}.Debug|Any CPU.Build.0 = Debug|Any CPU
		{403DC74A-A4D6-4BE6-99B5-2EA8A1D87019}.Debug|Any CPU.Deploy.0 = Debug|Any CPU
		{403DC74A-A4D6-4BE6-99B5-2EA8A1D87019}.Release|Any CPU.ActiveCfg = Release|Any CPU
		{403DC74A-A4D6-4BE6-99B5-2EA8A1D87019}.Release|Any CPU.Build.0 = Release|Any CPU
		{403DC74A-A4D6-4BE6-99B5-2EA8A1D87019}.Release|Any CPU.Deploy.0 = Release|Any CPU
		{68440F57-BBC1-40A1-B5B6-AF72AE1B1177}.Debug|Any CPU.ActiveCfg = Debug|Any CPU
		{68440F57-BBC1-40A1-B5B6-AF72AE1B1177}.Debug|Any CPU.Build.0 = Debug|Any CPU
		{68440F57-BBC1-40A1-B5B6-AF72AE1B1177}.Release|Any CPU.ActiveCfg = Release|Any CPU
		{68440F57-BBC1-40A1-B5B6-AF72AE1B1177}.Release|Any CPU.Build.0 = Release|Any CPU
		{491F6FCC-9187-4FF2-A88C-81E68C8A55DE}.Debug|Any CPU.ActiveCfg = Debug|Any CPU
		{491F6FCC-9187-4FF2-A88C-81E68C8A55DE}.Debug|Any CPU.Build.0 = Debug|Any CPU
		{491F6FCC-9187-4FF2-A88C-81E68C8A55DE}.Release|Any CPU.ActiveCfg = Release|Any CPU
		{491F6FCC-9187-4FF2-A88C-81E68C8A55DE}.Release|Any CPU.Build.0 = Release|Any CPU
		{373244AB-ADF6-4068-B945-294A34F3302D}.Debug|Any CPU.ActiveCfg = Debug|Any CPU
		{373244AB-ADF6-4068-B945-294A34F3302D}.Debug|Any CPU.Build.0 = Debug|Any CPU
		{373244AB-ADF6-4068-B945-294A34F3302D}.Release|Any CPU.ActiveCfg = Release|Any CPU
		{373244AB-ADF6-4068-B945-294A34F3302D}.Release|Any CPU.Build.0 = Release|Any CPU
		{9E8F2709-66D9-409A-B1B0-68FF9E197A31}.Debug|Any CPU.ActiveCfg = Debug|Any CPU
		{9E8F2709-66D9-409A-B1B0-68FF9E197A31}.Debug|Any CPU.Build.0 = Debug|Any CPU
		{9E8F2709-66D9-409A-B1B0-68FF9E197A31}.Release|Any CPU.ActiveCfg = Release|Any CPU
		{9E8F2709-66D9-409A-B1B0-68FF9E197A31}.Release|Any CPU.Build.0 = Release|Any CPU
		{2876BE96-D064-41F9-A189-40F2B0DBEC45}.Debug|Any CPU.ActiveCfg = Debug|Any CPU
		{2876BE96-D064-41F9-A189-40F2B0DBEC45}.Debug|Any CPU.Build.0 = Debug|Any CPU
		{2876BE96-D064-41F9-A189-40F2B0DBEC45}.Release|Any CPU.ActiveCfg = Release|Any CPU
		{2876BE96-D064-41F9-A189-40F2B0DBEC45}.Release|Any CPU.Build.0 = Release|Any CPU
		{84D7778B-F4CF-407A-935D-CA52F97D6ED6}.Debug|Any CPU.ActiveCfg = Debug|Any CPU
		{84D7778B-F4CF-407A-935D-CA52F97D6ED6}.Debug|Any CPU.Build.0 = Debug|Any CPU
		{84D7778B-F4CF-407A-935D-CA52F97D6ED6}.Release|Any CPU.ActiveCfg = Release|Any CPU
		{84D7778B-F4CF-407A-935D-CA52F97D6ED6}.Release|Any CPU.Build.0 = Release|Any CPU
		{D753E41C-FD1B-43C5-9D8D-AA58066F8CFF}.Debug|Any CPU.ActiveCfg = Debug|Any CPU
		{D753E41C-FD1B-43C5-9D8D-AA58066F8CFF}.Debug|Any CPU.Build.0 = Debug|Any CPU
		{D753E41C-FD1B-43C5-9D8D-AA58066F8CFF}.Release|Any CPU.ActiveCfg = Release|Any CPU
		{D753E41C-FD1B-43C5-9D8D-AA58066F8CFF}.Release|Any CPU.Build.0 = Release|Any CPU
		{244703B4-3381-4488-A132-5E86B00053F4}.Debug|Any CPU.ActiveCfg = Debug|Any CPU
		{244703B4-3381-4488-A132-5E86B00053F4}.Debug|Any CPU.Build.0 = Debug|Any CPU
		{244703B4-3381-4488-A132-5E86B00053F4}.Release|Any CPU.ActiveCfg = Release|Any CPU
		{244703B4-3381-4488-A132-5E86B00053F4}.Release|Any CPU.Build.0 = Release|Any CPU
		{08B15786-DC43-4629-80BC-07E6E1E74791}.Debug|Any CPU.ActiveCfg = Debug|Any CPU
		{08B15786-DC43-4629-80BC-07E6E1E74791}.Debug|Any CPU.Build.0 = Debug|Any CPU
		{08B15786-DC43-4629-80BC-07E6E1E74791}.Release|Any CPU.ActiveCfg = Release|Any CPU
		{08B15786-DC43-4629-80BC-07E6E1E74791}.Release|Any CPU.Build.0 = Release|Any CPU
		{2C3A1991-2DA4-4D7C-89E4-540D739B6039}.Debug|Any CPU.ActiveCfg = Debug|Any CPU
		{2C3A1991-2DA4-4D7C-89E4-540D739B6039}.Debug|Any CPU.Build.0 = Debug|Any CPU
		{2C3A1991-2DA4-4D7C-89E4-540D739B6039}.Release|Any CPU.ActiveCfg = Release|Any CPU
		{2C3A1991-2DA4-4D7C-89E4-540D739B6039}.Release|Any CPU.Build.0 = Release|Any CPU
		{1E81A27F-1AB5-4974-AACF-76A87A8E9E7A}.Debug|Any CPU.ActiveCfg = Debug|Any CPU
		{1E81A27F-1AB5-4974-AACF-76A87A8E9E7A}.Debug|Any CPU.Build.0 = Debug|Any CPU
		{1E81A27F-1AB5-4974-AACF-76A87A8E9E7A}.Release|Any CPU.ActiveCfg = Release|Any CPU
		{1E81A27F-1AB5-4974-AACF-76A87A8E9E7A}.Release|Any CPU.Build.0 = Release|Any CPU
		{6BFBFAF1-2532-4365-8FDA-BAF06EF73E5E}.Debug|Any CPU.ActiveCfg = Debug|Any CPU
		{6BFBFAF1-2532-4365-8FDA-BAF06EF73E5E}.Debug|Any CPU.Build.0 = Debug|Any CPU
		{6BFBFAF1-2532-4365-8FDA-BAF06EF73E5E}.Release|Any CPU.ActiveCfg = Release|Any CPU
		{6BFBFAF1-2532-4365-8FDA-BAF06EF73E5E}.Release|Any CPU.Build.0 = Release|Any CPU
		{3E1A0C20-27D8-4667-9AFB-690E01868F02}.Debug|Any CPU.ActiveCfg = Debug|Any CPU
		{3E1A0C20-27D8-4667-9AFB-690E01868F02}.Debug|Any CPU.Build.0 = Debug|Any CPU
		{3E1A0C20-27D8-4667-9AFB-690E01868F02}.Release|Any CPU.ActiveCfg = Release|Any CPU
		{3E1A0C20-27D8-4667-9AFB-690E01868F02}.Release|Any CPU.Build.0 = Release|Any CPU
		{C15CD93C-0861-466B-9DC4-FC10385AD33A}.Debug|Any CPU.ActiveCfg = Debug|Any CPU
		{C15CD93C-0861-466B-9DC4-FC10385AD33A}.Debug|Any CPU.Build.0 = Debug|Any CPU
		{C15CD93C-0861-466B-9DC4-FC10385AD33A}.Release|Any CPU.ActiveCfg = Release|Any CPU
		{C15CD93C-0861-466B-9DC4-FC10385AD33A}.Release|Any CPU.Build.0 = Release|Any CPU
		{7C64192D-0E57-44AE-B6F8-702E3B935308}.Debug|Any CPU.ActiveCfg = Debug|Any CPU
		{7C64192D-0E57-44AE-B6F8-702E3B935308}.Debug|Any CPU.Build.0 = Debug|Any CPU
		{7C64192D-0E57-44AE-B6F8-702E3B935308}.Release|Any CPU.ActiveCfg = Release|Any CPU
		{7C64192D-0E57-44AE-B6F8-702E3B935308}.Release|Any CPU.Build.0 = Release|Any CPU
		{9A92137F-9086-4DF5-869B-54DD6F81D72F}.Debug|Any CPU.ActiveCfg = Debug|Any CPU
		{9A92137F-9086-4DF5-869B-54DD6F81D72F}.Debug|Any CPU.Build.0 = Debug|Any CPU
		{9A92137F-9086-4DF5-869B-54DD6F81D72F}.Release|Any CPU.ActiveCfg = Release|Any CPU
		{9A92137F-9086-4DF5-869B-54DD6F81D72F}.Release|Any CPU.Build.0 = Release|Any CPU
		{2A71787A-E737-43F9-9949-36EC05A62046}.Debug|Any CPU.ActiveCfg = Debug|Any CPU
		{2A71787A-E737-43F9-9949-36EC05A62046}.Debug|Any CPU.Build.0 = Debug|Any CPU
		{2A71787A-E737-43F9-9949-36EC05A62046}.Release|Any CPU.ActiveCfg = Release|Any CPU
		{2A71787A-E737-43F9-9949-36EC05A62046}.Release|Any CPU.Build.0 = Release|Any CPU
		{8B0151AD-BB59-4F6F-969C-F0097962ED73}.Debug|Any CPU.ActiveCfg = Debug|Any CPU
		{8B0151AD-BB59-4F6F-969C-F0097962ED73}.Debug|Any CPU.Build.0 = Debug|Any CPU
		{8B0151AD-BB59-4F6F-969C-F0097962ED73}.Release|Any CPU.ActiveCfg = Release|Any CPU
		{8B0151AD-BB59-4F6F-969C-F0097962ED73}.Release|Any CPU.Build.0 = Release|Any CPU
		{A50DDF2E-80A3-41D1-A03B-647DFBF88825}.Debug|Any CPU.ActiveCfg = Debug|Any CPU
		{A50DDF2E-80A3-41D1-A03B-647DFBF88825}.Debug|Any CPU.Build.0 = Debug|Any CPU
		{A50DDF2E-80A3-41D1-A03B-647DFBF88825}.Release|Any CPU.ActiveCfg = Release|Any CPU
		{A50DDF2E-80A3-41D1-A03B-647DFBF88825}.Release|Any CPU.Build.0 = Release|Any CPU
		{F1D1B6D8-0D3B-4733-9279-B9A9373FF4CA}.Debug|Any CPU.ActiveCfg = Debug|Any CPU
		{F1D1B6D8-0D3B-4733-9279-B9A9373FF4CA}.Debug|Any CPU.Build.0 = Debug|Any CPU
		{F1D1B6D8-0D3B-4733-9279-B9A9373FF4CA}.Release|Any CPU.ActiveCfg = Release|Any CPU
		{F1D1B6D8-0D3B-4733-9279-B9A9373FF4CA}.Release|Any CPU.Build.0 = Release|Any CPU
		{BA58C63C-4CF9-4F8D-BE42-66CD7B6EA1FB}.Debug|Any CPU.ActiveCfg = Debug|Any CPU
		{BA58C63C-4CF9-4F8D-BE42-66CD7B6EA1FB}.Debug|Any CPU.Build.0 = Debug|Any CPU
		{BA58C63C-4CF9-4F8D-BE42-66CD7B6EA1FB}.Release|Any CPU.ActiveCfg = Release|Any CPU
		{BA58C63C-4CF9-4F8D-BE42-66CD7B6EA1FB}.Release|Any CPU.Build.0 = Release|Any CPU
		{F8C7D57E-96DC-4732-AF65-DE6DF69AC32E}.Debug|Any CPU.ActiveCfg = Debug|Any CPU
		{F8C7D57E-96DC-4732-AF65-DE6DF69AC32E}.Debug|Any CPU.Build.0 = Debug|Any CPU
		{F8C7D57E-96DC-4732-AF65-DE6DF69AC32E}.Release|Any CPU.ActiveCfg = Release|Any CPU
		{F8C7D57E-96DC-4732-AF65-DE6DF69AC32E}.Release|Any CPU.Build.0 = Release|Any CPU
		{01D57CB6-DD63-4B1A-B84A-3004C5D6A89B}.Debug|Any CPU.ActiveCfg = Debug|Any CPU
		{01D57CB6-DD63-4B1A-B84A-3004C5D6A89B}.Debug|Any CPU.Build.0 = Debug|Any CPU
		{01D57CB6-DD63-4B1A-B84A-3004C5D6A89B}.Release|Any CPU.ActiveCfg = Release|Any CPU
		{01D57CB6-DD63-4B1A-B84A-3004C5D6A89B}.Release|Any CPU.Build.0 = Release|Any CPU
		{1DDF3D90-3E2F-46FC-9425-C68B3F99A6E1}.Debug|Any CPU.ActiveCfg = Debug|Any CPU
		{1DDF3D90-3E2F-46FC-9425-C68B3F99A6E1}.Debug|Any CPU.Build.0 = Debug|Any CPU
		{1DDF3D90-3E2F-46FC-9425-C68B3F99A6E1}.Release|Any CPU.ActiveCfg = Release|Any CPU
		{1DDF3D90-3E2F-46FC-9425-C68B3F99A6E1}.Release|Any CPU.Build.0 = Release|Any CPU
		{294CAF93-62D5-49CB-BF0F-F967B65A5E0E}.Debug|Any CPU.ActiveCfg = Debug|Any CPU
		{294CAF93-62D5-49CB-BF0F-F967B65A5E0E}.Debug|Any CPU.Build.0 = Debug|Any CPU
		{294CAF93-62D5-49CB-BF0F-F967B65A5E0E}.Release|Any CPU.ActiveCfg = Release|Any CPU
		{294CAF93-62D5-49CB-BF0F-F967B65A5E0E}.Release|Any CPU.Build.0 = Release|Any CPU
		{C9A844C6-8EF4-46FC-A4BF-0A6FC8AD3537}.Debug|Any CPU.ActiveCfg = Debug|Any CPU
		{C9A844C6-8EF4-46FC-A4BF-0A6FC8AD3537}.Debug|Any CPU.Build.0 = Debug|Any CPU
		{C9A844C6-8EF4-46FC-A4BF-0A6FC8AD3537}.Release|Any CPU.ActiveCfg = Release|Any CPU
		{C9A844C6-8EF4-46FC-A4BF-0A6FC8AD3537}.Release|Any CPU.Build.0 = Release|Any CPU
		{A8A956BB-F145-47AE-9CF7-CA862F0F8DD2}.Debug|Any CPU.ActiveCfg = Debug|Any CPU
		{A8A956BB-F145-47AE-9CF7-CA862F0F8DD2}.Debug|Any CPU.Build.0 = Debug|Any CPU
		{A8A956BB-F145-47AE-9CF7-CA862F0F8DD2}.Release|Any CPU.ActiveCfg = Release|Any CPU
		{A8A956BB-F145-47AE-9CF7-CA862F0F8DD2}.Release|Any CPU.Build.0 = Release|Any CPU
		{C0893E1D-1AD0-46F5-BD79-AC0BCF43C11A}.Debug|Any CPU.ActiveCfg = Debug|Any CPU
		{C0893E1D-1AD0-46F5-BD79-AC0BCF43C11A}.Debug|Any CPU.Build.0 = Debug|Any CPU
		{C0893E1D-1AD0-46F5-BD79-AC0BCF43C11A}.Release|Any CPU.ActiveCfg = Release|Any CPU
		{C0893E1D-1AD0-46F5-BD79-AC0BCF43C11A}.Release|Any CPU.Build.0 = Release|Any CPU
	EndGlobalSection
	GlobalSection(SolutionProperties) = preSolution
		HideSolutionNode = FALSE
	EndGlobalSection
	GlobalSection(NestedProjects) = preSolution
		{0A016858-A0E1-4054-890A-8901079F8CC2} = {90988250-F53A-4655-81E5-F690E2CAD416}
		{E8D89EBC-FBFE-4191-8CC7-F489E729E4C9} = {0A016858-A0E1-4054-890A-8901079F8CC2}
		{491F6FCC-9187-4FF2-A88C-81E68C8A55DE} = {E8D89EBC-FBFE-4191-8CC7-F489E729E4C9}
		{373244AB-ADF6-4068-B945-294A34F3302D} = {E8D89EBC-FBFE-4191-8CC7-F489E729E4C9}
		{12968302-C293-42A6-8CE5-114CA39CDDBD} = {0A016858-A0E1-4054-890A-8901079F8CC2}
		{9E8F2709-66D9-409A-B1B0-68FF9E197A31} = {12968302-C293-42A6-8CE5-114CA39CDDBD}
		{2876BE96-D064-41F9-A189-40F2B0DBEC45} = {12968302-C293-42A6-8CE5-114CA39CDDBD}
		{84D7778B-F4CF-407A-935D-CA52F97D6ED6} = {12968302-C293-42A6-8CE5-114CA39CDDBD}
		{7473C34D-E8E8-465F-96D9-CAF19904780F} = {90988250-F53A-4655-81E5-F690E2CAD416}
		{1A9DF9D1-EAC3-46A6-8E70-12C7A299F79B} = {0A016858-A0E1-4054-890A-8901079F8CC2}
		{D753E41C-FD1B-43C5-9D8D-AA58066F8CFF} = {1A9DF9D1-EAC3-46A6-8E70-12C7A299F79B}
		{244703B4-3381-4488-A132-5E86B00053F4} = {1A9DF9D1-EAC3-46A6-8E70-12C7A299F79B}
		{08B15786-DC43-4629-80BC-07E6E1E74791} = {1A9DF9D1-EAC3-46A6-8E70-12C7A299F79B}
		{2C3A1991-2DA4-4D7C-89E4-540D739B6039} = {E8D89EBC-FBFE-4191-8CC7-F489E729E4C9}
		{AFB77834-1A0D-4409-B5D2-E238A85B1FA3} = {90988250-F53A-4655-81E5-F690E2CAD416}
		{69D4412B-C106-4F32-9F64-A8563CFC0B98} = {AFB77834-1A0D-4409-B5D2-E238A85B1FA3}
		{1E81A27F-1AB5-4974-AACF-76A87A8E9E7A} = {69D4412B-C106-4F32-9F64-A8563CFC0B98}
		{6BFBFAF1-2532-4365-8FDA-BAF06EF73E5E} = {12968302-C293-42A6-8CE5-114CA39CDDBD}
		{3E1A0C20-27D8-4667-9AFB-690E01868F02} = {1A9DF9D1-EAC3-46A6-8E70-12C7A299F79B}
		{C15CD93C-0861-466B-9DC4-FC10385AD33A} = {E8D89EBC-FBFE-4191-8CC7-F489E729E4C9}
		{7C64192D-0E57-44AE-B6F8-702E3B935308} = {69D4412B-C106-4F32-9F64-A8563CFC0B98}
		{E6FBD48D-BB3B-41A7-9C6D-31EEFBC18E78} = {AFB77834-1A0D-4409-B5D2-E238A85B1FA3}
		{9A92137F-9086-4DF5-869B-54DD6F81D72F} = {E6FBD48D-BB3B-41A7-9C6D-31EEFBC18E78}
		{29ADCFCE-903D-44E2-9213-FD6A4D3E6817} = {7473C34D-E8E8-465F-96D9-CAF19904780F}
		{2A71787A-E737-43F9-9949-36EC05A62046} = {29ADCFCE-903D-44E2-9213-FD6A4D3E6817}
		{8B0151AD-BB59-4F6F-969C-F0097962ED73} = {29ADCFCE-903D-44E2-9213-FD6A4D3E6817}
		{EE048953-32BC-4895-B8EB-5CE0B6646B3E} = {0A016858-A0E1-4054-890A-8901079F8CC2}
		{A50DDF2E-80A3-41D1-A03B-647DFBF88825} = {EE048953-32BC-4895-B8EB-5CE0B6646B3E}
		{F1D1B6D8-0D3B-4733-9279-B9A9373FF4CA} = {EE048953-32BC-4895-B8EB-5CE0B6646B3E}
		{BA58C63C-4CF9-4F8D-BE42-66CD7B6EA1FB} = {EE048953-32BC-4895-B8EB-5CE0B6646B3E}
		{F8C7D57E-96DC-4732-AF65-DE6DF69AC32E} = {EE048953-32BC-4895-B8EB-5CE0B6646B3E}
		{970A07C6-966E-42DC-A603-BFB010E87F3F} = {0A016858-A0E1-4054-890A-8901079F8CC2}
		{01D57CB6-DD63-4B1A-B84A-3004C5D6A89B} = {970A07C6-966E-42DC-A603-BFB010E87F3F}
		{A317A55E-2612-45B3-B29A-35A09DA18F9C} = {AFB77834-1A0D-4409-B5D2-E238A85B1FA3}
		{1DDF3D90-3E2F-46FC-9425-C68B3F99A6E1} = {A317A55E-2612-45B3-B29A-35A09DA18F9C}
		{294CAF93-62D5-49CB-BF0F-F967B65A5E0E} = {A317A55E-2612-45B3-B29A-35A09DA18F9C}
		{C9A844C6-8EF4-46FC-A4BF-0A6FC8AD3537} = {970A07C6-966E-42DC-A603-BFB010E87F3F}
		{1C9F23DE-D48A-424F-BFDB-5C4979377957} = {AFB77834-1A0D-4409-B5D2-E238A85B1FA3}
		{A8A956BB-F145-47AE-9CF7-CA862F0F8DD2} = {1C9F23DE-D48A-424F-BFDB-5C4979377957}
		{C0893E1D-1AD0-46F5-BD79-AC0BCF43C11A} = {970A07C6-966E-42DC-A603-BFB010E87F3F}
	EndGlobalSection
	GlobalSection(ExtensibilityGlobals) = postSolution
		SolutionGuid = {7A9D6838-ED01-4238-A5A9-22EFD2D48A70}
	EndGlobalSection
EndGlobal
